
Microsoft Visual Studio Solution File, Format Version 12.00
# Visual Studio Version 17
VisualStudioVersion = 17.3.32819.101
MinimumVisualStudioVersion = 10.0.40219.1
Project("{FAE04EC0-301F-11D3-BF4B-00C04F79EFBC}") = "FirstDemo", "FirstDemo\FirstDemo.csproj", "{A629587A-1601-4BCC-846E-CE869A01ABC9}"
EndProject
Global
	GlobalSection(SolutionConfigurationPlatforms) = preSolution
		Debug|Any CPU = Debug|Any CPU
		Release|Any CPU = Release|Any CPU
	EndGlobalSection
	GlobalSection(ProjectConfigurationPlatforms) = postSolution
		{A629587A-1601-4BCC-846E-CE869A01ABC9}.Debug|Any CPU.ActiveCfg = Debug|Any CPU
		{A629587A-1601-4BCC-846E-CE869A01ABC9}.Debug|Any CPU.Build.0 = Debug|Any CPU
		{A629587A-1601-4BCC-846E-CE869A01ABC9}.Release|Any CPU.ActiveCfg = Release|Any CPU
		{A629587A-1601-4BCC-846E-CE869A01ABC9}.Release|Any CPU.Build.0 = Release|Any CPU
	EndGlobalSection
	GlobalSection(SolutionProperties) = preSolution
		HideSolutionNode = FALSE
	EndGlobalSection
	GlobalSection(ExtensibilityGlobals) = postSolution
		SolutionGuid = {DAA5A67D-DDDF-4E94-817F-5A3551781A76}
	EndGlobalSection
EndGlobal
